
Microsoft Visual Studio Solution File, Format Version 12.00
# Visual Studio 15
VisualStudioVersion = 15.0.28307.852
MinimumVisualStudioVersion = 10.0.40219.1
Project("{FAE04EC0-301F-11D3-BF4B-00C04F79EFBC}") = "Func_Usage", "Func_Usage\Func_Usage.csproj", "{9D194052-AA9C-4714-82CE-3ED6297C7572}"
EndProject
Global
	GlobalSection(SolutionConfigurationPlatforms) = preSolution
		Debug|Any CPU = Debug|Any CPU
		Release|Any CPU = Release|Any CPU
	EndGlobalSection
	GlobalSection(ProjectConfigurationPlatforms) = postSolution
		{9D194052-AA9C-4714-82CE-3ED6297C7572}.Debug|Any CPU.ActiveCfg = Debug|Any CPU
		{9D194052-AA9C-4714-82CE-3ED6297C7572}.Debug|Any CPU.Build.0 = Debug|Any CPU
		{9D194052-AA9C-4714-82CE-3ED6297C7572}.Release|Any CPU.ActiveCfg = Release|Any CPU
		{9D194052-AA9C-4714-82CE-3ED6297C7572}.Release|Any CPU.Build.0 = Release|Any CPU
	EndGlobalSection
	GlobalSection(SolutionProperties) = preSolution
		HideSolutionNode = FALSE
	EndGlobalSection
	GlobalSection(ExtensibilityGlobals) = postSolution
		SolutionGuid = {9BFA24D5-D57A-49FD-8F11-321C03E40B58}
	EndGlobalSection
EndGlobal
