
Microsoft Visual Studio Solution File, Format Version 12.00
# Visual Studio 15
VisualStudioVersion = 15.0.28307.852
MinimumVisualStudioVersion = 10.0.40219.1
Project("{FAE04EC0-301F-11D3-BF4B-00C04F79EFBC}") = "PLINQ_PRACTICE", "PLINQ_PRACTICE\PLINQ_PRACTICE.csproj", "{D13E7A2B-B4C7-4E2F-AF8A-E5133D945B5B}"
EndProject
Global
	GlobalSection(SolutionConfigurationPlatforms) = preSolution
		Debug|Any CPU = Debug|Any CPU
		Release|Any CPU = Release|Any CPU
	EndGlobalSection
	GlobalSection(ProjectConfigurationPlatforms) = postSolution
		{D13E7A2B-B4C7-4E2F-AF8A-E5133D945B5B}.Debug|Any CPU.ActiveCfg = Debug|Any CPU
		{D13E7A2B-B4C7-4E2F-AF8A-E5133D945B5B}.Debug|Any CPU.Build.0 = Debug|Any CPU
		{D13E7A2B-B4C7-4E2F-AF8A-E5133D945B5B}.Release|Any CPU.ActiveCfg = Release|Any CPU
		{D13E7A2B-B4C7-4E2F-AF8A-E5133D945B5B}.Release|Any CPU.Build.0 = Release|Any CPU
	EndGlobalSection
	GlobalSection(SolutionProperties) = preSolution
		HideSolutionNode = FALSE
	EndGlobalSection
	GlobalSection(ExtensibilityGlobals) = postSolution
		SolutionGuid = {4F4503CB-715C-41A3-8767-2745BD3AAC4E}
	EndGlobalSection
EndGlobal
