
Microsoft Visual Studio Solution File, Format Version 12.00
# Visual Studio 15
VisualStudioVersion = 15.0.28307.852
MinimumVisualStudioVersion = 10.0.40219.1
Project("{FAE04EC0-301F-11D3-BF4B-00C04F79EFBC}") = "Quiz", "Quiz\Quiz.csproj", "{49417D60-FF1A-4D69-93B5-FFE937F7394D}"
EndProject
Global
	GlobalSection(SolutionConfigurationPlatforms) = preSolution
		Debug|Any CPU = Debug|Any CPU
		Release|Any CPU = Release|Any CPU
	EndGlobalSection
	GlobalSection(ProjectConfigurationPlatforms) = postSolution
		{49417D60-FF1A-4D69-93B5-FFE937F7394D}.Debug|Any CPU.ActiveCfg = Debug|Any CPU
		{49417D60-FF1A-4D69-93B5-FFE937F7394D}.Debug|Any CPU.Build.0 = Debug|Any CPU
		{49417D60-FF1A-4D69-93B5-FFE937F7394D}.Release|Any CPU.ActiveCfg = Release|Any CPU
		{49417D60-FF1A-4D69-93B5-FFE937F7394D}.Release|Any CPU.Build.0 = Release|Any CPU
	EndGlobalSection
	GlobalSection(SolutionProperties) = preSolution
		HideSolutionNode = FALSE
	EndGlobalSection
	GlobalSection(ExtensibilityGlobals) = postSolution
		SolutionGuid = {F524D84D-52E1-4458-B10E-2B2D04899C8F}
	EndGlobalSection
EndGlobal
